# THIS IS AN AUTOGENERATED FILE. DO NOT EDIT THIS FILE DIRECTLY.
# yarn lockfile v1


"@babel/helper-validator-identifier@^7.14.5":
  version "7.14.5"
  resolved "https://registry.yarnpkg.com/@babel/helper-validator-identifier/-/helper-validator-identifier-7.14.5.tgz#d0f0e277c512e0c938277faa85a3968c9a44c0e8"
  integrity sha512-5lsetuxCLilmVGyiLEfoHBRX8UCFD+1m2x3Rj97WrW3V7H3u4RWRXA4evMjImCsin2J2YT0QaVDGf+z8ondbAg==

"@babel/parser@^7.12.0":
  version "7.14.6"
  resolved "https://registry.yarnpkg.com/@babel/parser/-/parser-7.14.6.tgz#d85cc68ca3cac84eae384c06f032921f5227f4b2"
  integrity sha512-oG0ej7efjEXxb4UgE+klVx+3j4MVo+A2vCzm7OUN4CLo6WhQ+vSOD2yJ8m7B+DghObxtLxt3EfgMWpq+AsWehQ==

"@babel/types@^7.12.0":
  version "7.14.5"
  resolved "https://registry.yarnpkg.com/@babel/types/-/types-7.14.5.tgz#3bb997ba829a2104cedb20689c4a5b8121d383ff"
  integrity sha512-M/NzBpEL95I5Hh4dwhin5JlE7EzO5PHMAuzjxss3tiOBD46KfQvVedN/3jEPZvdRvtsK2222XfdHogNIttFgcg==
  dependencies:
    "@babel/helper-validator-identifier" "^7.14.5"
    to-fast-properties "^2.0.0"

"@vue/compiler-core@3.1.1":
  version "3.1.1"
  resolved "https://registry.yarnpkg.com/@vue/compiler-core/-/compiler-core-3.1.1.tgz#4f2c5d70eabd454675714cc8bd2b97f6a8efb196"
  integrity sha512-Z1RO3T6AEtAUFf2EqqovFm3ohAeTvFzRtB0qUENW2nEerJfdlk13/LS1a0EgsqlzxmYfR/S/S/gW9PLbFZZxkA==
  dependencies:
    "@babel/parser" "^7.12.0"
    "@babel/types" "^7.12.0"
    "@vue/shared" "3.1.1"
    estree-walker "^2.0.1"
    source-map "^0.6.1"

"@vue/compiler-dom@3.1.1":
  version "3.1.1"
  resolved "https://registry.yarnpkg.com/@vue/compiler-dom/-/compiler-dom-3.1.1.tgz#ef60d856ac2ede5b2ad5c72a7a68122895e3d652"
  integrity sha512-nobRIo0t5ibzg+q8nC31m+aJhbq8FbWUoKvk6h3Vs1EqTDJaj6lBTcVTq5or8AYht7FbSpdAJ81isbJ1rWNX7A==
  dependencies:
    "@vue/compiler-core" "3.1.1"
    "@vue/shared" "3.1.1"

"@vue/devtools-api@^6.0.0-beta.10":
  version "6.0.0-beta.14"
  resolved "https://registry.yarnpkg.com/@vue/devtools-api/-/devtools-api-6.0.0-beta.14.tgz#6ed2d6f8d66a9256c9ad04bfff08309ba87b9723"
  integrity sha512-44fPrrN1cqcs6bFkT0C+yxTM6PZXLbR+ESh1U1j8UD22yO04gXvxH62HApMjLbS3WqJO/iCNC+CYT+evPQh2EQ==

"@vue/reactivity@3.1.1":
  version "3.1.1"
  resolved "https://registry.yarnpkg.com/@vue/reactivity/-/reactivity-3.1.1.tgz#9c02fd146a6c3b03e7d658b7cf76f4b69b0f98c8"
  integrity sha512-DsH5woNVCcPK1M0RRYVgJEU1GJDU2ASOKpAqW3ppHk+XjoFLCbqc/26RTCgTpJYd9z8VN+79Q1u7/QqgQPbuLQ==
  dependencies:
    "@vue/shared" "3.1.1"

"@vue/runtime-core@3.1.1":
  version "3.1.1"
  resolved "https://registry.yarnpkg.com/@vue/runtime-core/-/runtime-core-3.1.1.tgz#542110c09a643d7d80646a2f071aff6b324c4158"
  integrity sha512-GboqR02txOtkd9F3Ysd8ltPL68vTCqIx2p/J52/gFtpgb5FG9hvOAPEwFUqxeEJRu7ResvQnmdOHiEycGPCLhQ==
  dependencies:
    "@vue/reactivity" "3.1.1"
    "@vue/shared" "3.1.1"

"@vue/runtime-dom@3.1.1":
  version "3.1.1"
  resolved "https://registry.yarnpkg.com/@vue/runtime-dom/-/runtime-dom-3.1.1.tgz#5539bbce132d29f6445b4964cb7b4164a89a5ce6"
  integrity sha512-o57n/199e/BBAmLRMSXmD2r12Old/h/gf6BgL0RON1NT2pwm6MWaMY4Ul55eyq+FsDILz4jR/UgoPQ9vYB8xcw==
  dependencies:
    "@vue/runtime-core" "3.1.1"
    "@vue/shared" "3.1.1"
    csstype "^2.6.8"

"@vue/shared@3.1.1":
  version "3.1.1"
  resolved "https://registry.yarnpkg.com/@vue/shared/-/shared-3.1.1.tgz#2287cfc3dc20e5b20aeb65c2c3a56533bdca801c"
  integrity sha512-g+4pzAw7PYSjARtLBoDq6DmcblX8i9KJHSCnyM5VDDFFifUaUT9iHbFpOF/KOizQ9f7QAqU2JH3Y6aXjzUMhVA==

csstype@^2.6.8:
  version "2.6.17"
  resolved "https://registry.yarnpkg.com/csstype/-/csstype-2.6.17.tgz#4cf30eb87e1d1a005d8b6510f95292413f6a1c0e"
  integrity sha512-u1wmTI1jJGzCJzWndZo8mk4wnPTZd1eOIYTYvuEyOQGfmDl3TrabCCfKnOC86FZwW/9djqTl933UF/cS425i9A==

estree-walker@^2.0.1:
  version "2.0.2"
  resolved "https://registry.yarnpkg.com/estree-walker/-/estree-walker-2.0.2.tgz#52f010178c2a4c117a7757cfe942adb7d2da4cac"
  integrity sha512-Rfkk/Mp/DL7JVje3u18FxFujQlTNR2q6QfMSMB7AvCBx91NGj/ba3kCfza0f6dVDbw7YlRf/nDrn7pQrCCyQ/w==

source-map@^0.6.1:
  version "0.6.1"
  resolved "https://registry.yarnpkg.com/source-map/-/source-map-0.6.1.tgz#74722af32e9614e9c287a8d0bbde48b5e2f1a263"
  integrity sha512-UjgapumWlbMhkBgzT7Ykc5YXUT46F0iKu8SGXq0bcwP5dz/h0Plj6enJqjz1Zbq2l5WaqYnrVbwWOWMyF3F47g==

to-fast-properties@^2.0.0:
  version "2.0.0"
  resolved "https://registry.yarnpkg.com/to-fast-properties/-/to-fast-properties-2.0.0.tgz#dc5e698cbd079265bc73e0377681a4e4e83f616e"
  integrity sha1-3F5pjL0HkmW8c+A3doGk5Og/YW4=

typescript@^4.3.2:
  version "4.3.2"
  resolved "https://registry.yarnpkg.com/typescript/-/typescript-4.3.2.tgz#399ab18aac45802d6f2498de5054fcbbe716a805"
  integrity sha512-zZ4hShnmnoVnAHpVHWpTcxdv7dWP60S2FsydQLV8V5PbS3FifjWFFRiHSWpDJahly88PRyV5teTSLoq4eG7mKw==

vue-router@4:
  version "4.0.8"
  resolved "https://registry.yarnpkg.com/vue-router/-/vue-router-4.0.8.tgz#55d4290a3122444edbc91a3cd2492bb1d0cef494"
  integrity sha512-42mWSQaH7CCBQDspQTHv63f34VEnZC20g9QNK4WJ/zW8SdIUeT6TQ2i/78fjF/pVBUPLBWrGhvB7uDnaz7O/pA==
  dependencies:
    "@vue/devtools-api" "^6.0.0-beta.10"

vue@^3.0.5:
  version "3.1.1"
  resolved "https://registry.yarnpkg.com/vue/-/vue-3.1.1.tgz#9ad655758a0fa6c0dee5b3d2431d3912a9b381aa"
  integrity sha512-j9fj3PNPMxo2eqOKYjMuss9XBS8ZtmczLY3kPvjcp9d3DbhyNqLYbaMQH18+1pDIzzVvQCQBvIf774LsjjqSKA==
  dependencies:
    "@vue/compiler-dom" "3.1.1"
    "@vue/runtime-dom" "3.1.1"
    "@vue/shared" "3.1.1"
